
Microsoft Visual Studio Solution File, Format Version 11.00
# Visual C# Express 2010
Project("{FAE04EC0-301F-11D3-BF4B-00C04F79EFBC}") = "zad1", "zad1.csproj", "{70393C24-5BD5-4DE5-8D7E-A68873701971}"
EndProject
Global
	GlobalSection(SolutionConfigurationPlatforms) = preSolution
		Debug|x86 = Debug|x86
		Release|x86 = Release|x86
	EndGlobalSection
	GlobalSection(ProjectConfigurationPlatforms) = postSolution
		{70393C24-5BD5-4DE5-8D7E-A68873701971}.Debug|x86.ActiveCfg = Debug|x86
		{70393C24-5BD5-4DE5-8D7E-A68873701971}.Debug|x86.Build.0 = Debug|x86
		{70393C24-5BD5-4DE5-8D7E-A68873701971}.Release|x86.ActiveCfg = Release|x86
		{70393C24-5BD5-4DE5-8D7E-A68873701971}.Release|x86.Build.0 = Release|x86
	EndGlobalSection
	GlobalSection(SolutionProperties) = preSolution
		HideSolutionNode = FALSE
	EndGlobalSection
EndGlobal
